
Microsoft Visual Studio Solution File, Format Version 12.00
# Visual Studio 15
VisualStudioVersion = 15.0.27428.2015
MinimumVisualStudioVersion = 10.0.40219.1
Project("{8BC9CEB8-8B4A-11D0-8D11-00A0C91BC942}") = "WinApiGraphics", "WinApiGraphics\WinApiGraphics.vcxproj", "{18AC5BFF-75EC-4B8D-AC64-856F107144A6}"
EndProject
Global
	GlobalSection(SolutionConfigurationPlatforms) = preSolution
		Debug|x64 = Debug|x64
		Debug|x86 = Debug|x86
		Release|x64 = Release|x64
		Release|x86 = Release|x86
	EndGlobalSection
	GlobalSection(ProjectConfigurationPlatforms) = postSolution
		{18AC5BFF-75EC-4B8D-AC64-856F107144A6}.Debug|x64.ActiveCfg = Debug|x64
		{18AC5BFF-75EC-4B8D-AC64-856F107144A6}.Debug|x64.Build.0 = Debug|x64
		{18AC5BFF-75EC-4B8D-AC64-856F107144A6}.Debug|x86.ActiveCfg = Debug|Win32
		{18AC5BFF-75EC-4B8D-AC64-856F107144A6}.Debug|x86.Build.0 = Debug|Win32
		{18AC5BFF-75EC-4B8D-AC64-856F107144A6}.Release|x64.ActiveCfg = Release|x64
		{18AC5BFF-75EC-4B8D-AC64-856F107144A6}.Release|x64.Build.0 = Release|x64
		{18AC5BFF-75EC-4B8D-AC64-856F107144A6}.Release|x86.ActiveCfg = Release|Win32
		{18AC5BFF-75EC-4B8D-AC64-856F107144A6}.Release|x86.Build.0 = Release|Win32
	EndGlobalSection
	GlobalSection(SolutionProperties) = preSolution
		HideSolutionNode = FALSE
	EndGlobalSection
	GlobalSection(ExtensibilityGlobals) = postSolution
		SolutionGuid = {EF660172-FDAA-44F5-A6B1-2CE1FF61297E}
	EndGlobalSection
EndGlobal
